
Microsoft Visual Studio Solution File, Format Version 12.00
# Visual Studio Version 17
VisualStudioVersion = 17.9.34728.123
MinimumVisualStudioVersion = 10.0.40219.1
Project("{FAE04EC0-301F-11D3-BF4B-00C04F79EFBC}") = "Lab1Semestr2", "Lab1Semestr2\Lab1Semestr2.csproj", "{34DE5F81-7931-4026-8A9A-2E21FD2BB495}"
EndProject
Global
	GlobalSection(SolutionConfigurationPlatforms) = preSolution
		Debug|Any CPU = Debug|Any CPU
		Release|Any CPU = Release|Any CPU
	EndGlobalSection
	GlobalSection(ProjectConfigurationPlatforms) = postSolution
		{34DE5F81-7931-4026-8A9A-2E21FD2BB495}.Debug|Any CPU.ActiveCfg = Debug|Any CPU
		{34DE5F81-7931-4026-8A9A-2E21FD2BB495}.Debug|Any CPU.Build.0 = Debug|Any CPU
		{34DE5F81-7931-4026-8A9A-2E21FD2BB495}.Release|Any CPU.ActiveCfg = Release|Any CPU
		{34DE5F81-7931-4026-8A9A-2E21FD2BB495}.Release|Any CPU.Build.0 = Release|Any CPU
	EndGlobalSection
	GlobalSection(SolutionProperties) = preSolution
		HideSolutionNode = FALSE
	EndGlobalSection
	GlobalSection(ExtensibilityGlobals) = postSolution
		SolutionGuid = {5F1D05F9-B284-4A30-8BED-A92783EB9E5F}
	EndGlobalSection
EndGlobal
